
Microsoft Visual Studio Solution File, Format Version 12.00
# Visual Studio Version 17
VisualStudioVersion = 17.6.33319.53
MinimumVisualStudioVersion = 10.0.40219.1
Project("{FAE04EC0-301F-11D3-BF4B-00C04F79EFBC}") = "HelloAKS", "HelloAKS\HelloAKS.csproj", "{16F1DA4D-74B5-4D53-834D-24018D42AFB5}"
EndProject
Global
	GlobalSection(SolutionConfigurationPlatforms) = preSolution
		Debug|Any CPU = Debug|Any CPU
		Release|Any CPU = Release|Any CPU
	EndGlobalSection
	GlobalSection(ProjectConfigurationPlatforms) = postSolution
		{16F1DA4D-74B5-4D53-834D-24018D42AFB5}.Debug|Any CPU.ActiveCfg = Debug|Any CPU
		{16F1DA4D-74B5-4D53-834D-24018D42AFB5}.Debug|Any CPU.Build.0 = Debug|Any CPU
		{16F1DA4D-74B5-4D53-834D-24018D42AFB5}.Release|Any CPU.ActiveCfg = Release|Any CPU
		{16F1DA4D-74B5-4D53-834D-24018D42AFB5}.Release|Any CPU.Build.0 = Release|Any CPU
	EndGlobalSection
	GlobalSection(SolutionProperties) = preSolution
		HideSolutionNode = FALSE
	EndGlobalSection
	GlobalSection(ExtensibilityGlobals) = postSolution
		SolutionGuid = {419EAA96-5D9F-4A03-ACF8-813B58B0E68B}
	EndGlobalSection
EndGlobal
